
Microsoft Visual Studio Solution File, Format Version 12.00
# Visual Studio 15
VisualStudioVersion = 15.0.27703.2000
MinimumVisualStudioVersion = 10.0.40219.1
Project("{2150E333-8FDC-42A3-9474-1A3956D46DE8}") = "Platforms", "Platforms", "{DBA78FA2-6AEC-4EB1-98D4-D35B299E1C92}"
EndProject
Project("{FAE04EC0-301F-11D3-BF4B-00C04F79EFBC}") = "UWP", "Xamarin\UWP\UWP.csproj", "{5291681A-DF3C-42FE-8D82-F36E0813696E}"
EndProject
Project("{FAE04EC0-301F-11D3-BF4B-00C04F79EFBC}") = "Android", "Xamarin\Android\Android.csproj", "{E82F521A-D31A-46AB-825E-EBA916CB0ACD}"
EndProject
Project("{FAE04EC0-301F-11D3-BF4B-00C04F79EFBC}") = "iOS", "Xamarin\iOS\iOS.csproj", "{7C0DDB53-8E81-4231-B99A-47B7B675B477}"
EndProject
Project("{FAE04EC0-301F-11D3-BF4B-00C04F79EFBC}") = "Test", "Test\Test.csproj", "{947F1FE2-834A-410C-B347-09E4769D3B4E}"
EndProject
Project("{2150E333-8FDC-42A3-9474-1A3956D46DE8}") = "Assets", "Assets", "{743A2CE9-36A3-4707-BE9A-86B0D58D2406}"
EndProject
Project("{2150E333-8FDC-42A3-9474-1A3956D46DE8}") = "Common", "Common", "{1A8A2333-637F-4DD8-BC1D-BCB824DD96E8}"
	ProjectSection(SolutionItems) = preProject
		Assets\Common\AddIdentity-128.png = Assets\Common\AddIdentity-128.png
		Assets\Common\Backup-128.png = Assets\Common\Backup-128.png
		Assets\Common\Backup-32.png = Assets\Common\Backup-32.png
		Assets\Common\ContractAccount-128.png = Assets\Common\ContractAccount-128.png
		Assets\Common\IdentityAccount-128.png = Assets\Common\IdentityAccount-128.png
		Assets\Common\LightIdentity-128.png = Assets\Common\LightIdentity-128.png
		Assets\Common\StandardIdentity-128.png = Assets\Common\StandardIdentity-128.png
		Assets\Common\Trash-128.png = Assets\Common\Trash-128.png
	EndProjectSection
EndProject
Project("{9A19103F-16F7-4668-BE54-9A1E7A4F7556}") = "Resources", "Common\Resources\Resources.csproj", "{4114BA04-25A1-47CE-80EA-2C1CB2792289}"
EndProject
Project("{9A19103F-16F7-4668-BE54-9A1E7A4F7556}") = "Application", "Common\Application\Application.csproj", "{E8687A34-4F17-4F66-9A05-F75ED1526BA8}"
EndProject
Project("{9A19103F-16F7-4668-BE54-9A1E7A4F7556}") = "Xamarin.Common", "Common\Xamarin\Xamarin.Common.csproj", "{0DDDD7A4-3B55-4C01-B172-D189BCF05082}"
EndProject
Project("{2150E333-8FDC-42A3-9474-1A3956D46DE8}") = "Logo", "Logo", "{8351428D-60B4-4DD2-A85E-92255B883B0D}"
	ProjectSection(SolutionItems) = preProject
		Assets\Logo\Logo-128.png = Assets\Logo\Logo-128.png
		Assets\Logo\Logo-256.png = Assets\Logo\Logo-256.png
		Assets\Logo\Logo-320.png = Assets\Logo\Logo-320.png
		Assets\Logo\Logo-64.png = Assets\Logo\Logo-64.png
	EndProjectSection
EndProject
Project("{2150E333-8FDC-42A3-9474-1A3956D46DE8}") = "Design", "Design", "{7A2A637B-BD54-4301-97D0-5D718E00FC3F}"
	ProjectSection(SolutionItems) = preProject
		Assets\Icons.afdesign = Assets\Icons.afdesign
		Assets\Logo.afdesign = Assets\Logo.afdesign
	EndProjectSection
EndProject
Project("{2150E333-8FDC-42A3-9474-1A3956D46DE8}") = "Solution Items", "Solution Items", "{9C1F8AEB-EADA-45B4-823D-7C9A823884E2}"
	ProjectSection(SolutionItems) = preProject
		README.md = README.md
	EndProjectSection
EndProject
Global
	GlobalSection(SolutionConfigurationPlatforms) = preSolution
		Ad-Hoc|Any CPU = Ad-Hoc|Any CPU
		Ad-Hoc|ARM = Ad-Hoc|ARM
		Ad-Hoc|iPhone = Ad-Hoc|iPhone
		Ad-Hoc|iPhoneSimulator = Ad-Hoc|iPhoneSimulator
		Ad-Hoc|x64 = Ad-Hoc|x64
		Ad-Hoc|x86 = Ad-Hoc|x86
		AppStore|Any CPU = AppStore|Any CPU
		AppStore|ARM = AppStore|ARM
		AppStore|iPhone = AppStore|iPhone
		AppStore|iPhoneSimulator = AppStore|iPhoneSimulator
		AppStore|x64 = AppStore|x64
		AppStore|x86 = AppStore|x86
		Debug|Any CPU = Debug|Any CPU
		Debug|ARM = Debug|ARM
		Debug|iPhone = Debug|iPhone
		Debug|iPhoneSimulator = Debug|iPhoneSimulator
		Debug|x64 = Debug|x64
		Debug|x86 = Debug|x86
		Release_UWP|Any CPU = Release_UWP|Any CPU
		Release_UWP|ARM = Release_UWP|ARM
		Release_UWP|iPhone = Release_UWP|iPhone
		Release_UWP|iPhoneSimulator = Release_UWP|iPhoneSimulator
		Release_UWP|x64 = Release_UWP|x64
		Release_UWP|x86 = Release_UWP|x86
		Release|Any CPU = Release|Any CPU
		Release|ARM = Release|ARM
		Release|iPhone = Release|iPhone
		Release|iPhoneSimulator = Release|iPhoneSimulator
		Release|x64 = Release|x64
		Release|x86 = Release|x86
	EndGlobalSection
	GlobalSection(ProjectConfigurationPlatforms) = postSolution
		{5291681A-DF3C-42FE-8D82-F36E0813696E}.Ad-Hoc|Any CPU.ActiveCfg = Debug|x64
		{5291681A-DF3C-42FE-8D82-F36E0813696E}.Ad-Hoc|Any CPU.Build.0 = Debug|x64
		{5291681A-DF3C-42FE-8D82-F36E0813696E}.Ad-Hoc|Any CPU.Deploy.0 = Debug|x64
		{5291681A-DF3C-42FE-8D82-F36E0813696E}.Ad-Hoc|ARM.ActiveCfg = Release|ARM
		{5291681A-DF3C-42FE-8D82-F36E0813696E}.Ad-Hoc|ARM.Build.0 = Release|ARM
		{5291681A-DF3C-42FE-8D82-F36E0813696E}.Ad-Hoc|ARM.Deploy.0 = Release|ARM
		{5291681A-DF3C-42FE-8D82-F36E0813696E}.Ad-Hoc|iPhone.ActiveCfg = Debug|x64
		{5291681A-DF3C-42FE-8D82-F36E0813696E}.Ad-Hoc|iPhone.Build.0 = Debug|x64
		{5291681A-DF3C-42FE-8D82-F36E0813696E}.Ad-Hoc|iPhone.Deploy.0 = Debug|x64
		{5291681A-DF3C-42FE-8D82-F36E0813696E}.Ad-Hoc|iPhoneSimulator.ActiveCfg = Debug|x64
		{5291681A-DF3C-42FE-8D82-F36E0813696E}.Ad-Hoc|iPhoneSimulator.Build.0 = Debug|x64
		{5291681A-DF3C-42FE-8D82-F36E0813696E}.Ad-Hoc|iPhoneSimulator.Deploy.0 = Debug|x64
		{5291681A-DF3C-42FE-8D82-F36E0813696E}.Ad-Hoc|x64.ActiveCfg = Release|x64
		{5291681A-DF3C-42FE-8D82-F36E0813696E}.Ad-Hoc|x64.Build.0 = Release|x64
		{5291681A-DF3C-42FE-8D82-F36E0813696E}.Ad-Hoc|x64.Deploy.0 = Release|x64
		{5291681A-DF3C-42FE-8D82-F36E0813696E}.Ad-Hoc|x86.ActiveCfg = Release|x86
		{5291681A-DF3C-42FE-8D82-F36E0813696E}.Ad-Hoc|x86.Build.0 = Release|x86
		{5291681A-DF3C-42FE-8D82-F36E0813696E}.Ad-Hoc|x86.Deploy.0 = Release|x86
		{5291681A-DF3C-42FE-8D82-F36E0813696E}.AppStore|Any CPU.ActiveCfg = Debug|x64
		{5291681A-DF3C-42FE-8D82-F36E0813696E}.AppStore|Any CPU.Build.0 = Debug|x64
		{5291681A-DF3C-42FE-8D82-F36E0813696E}.AppStore|Any CPU.Deploy.0 = Debug|x64
		{5291681A-DF3C-42FE-8D82-F36E0813696E}.AppStore|ARM.ActiveCfg = Release|ARM
		{5291681A-DF3C-42FE-8D82-F36E0813696E}.AppStore|ARM.Build.0 = Release|ARM
		{5291681A-DF3C-42FE-8D82-F36E0813696E}.AppStore|ARM.Deploy.0 = Release|ARM
		{5291681A-DF3C-42FE-8D82-F36E0813696E}.AppStore|iPhone.ActiveCfg = Debug|x64
		{5291681A-DF3C-42FE-8D82-F36E0813696E}.AppStore|iPhone.Build.0 = Debug|x64
		{5291681A-DF3C-42FE-8D82-F36E0813696E}.AppStore|iPhone.Deploy.0 = Debug|x64
		{5291681A-DF3C-42FE-8D82-F36E0813696E}.AppStore|iPhoneSimulator.ActiveCfg = Debug|x64
		{5291681A-DF3C-42FE-8D82-F36E0813696E}.AppStore|iPhoneSimulator.Build.0 = Debug|x64
		{5291681A-DF3C-42FE-8D82-F36E0813696E}.AppStore|iPhoneSimulator.Deploy.0 = Debug|x64
		{5291681A-DF3C-42FE-8D82-F36E0813696E}.AppStore|x64.ActiveCfg = Release|x64
		{5291681A-DF3C-42FE-8D82-F36E0813696E}.AppStore|x64.Build.0 = Release|x64
		{5291681A-DF3C-42FE-8D82-F36E0813696E}.AppStore|x64.Deploy.0 = Release|x64
		{5291681A-DF3C-42FE-8D82-F36E0813696E}.AppStore|x86.ActiveCfg = Release|x86
		{5291681A-DF3C-42FE-8D82-F36E0813696E}.AppStore|x86.Build.0 = Release|x86
		{5291681A-DF3C-42FE-8D82-F36E0813696E}.AppStore|x86.Deploy.0 = Release|x86
		{5291681A-DF3C-42FE-8D82-F36E0813696E}.Debug|Any CPU.ActiveCfg = Debug|x86
		{5291681A-DF3C-42FE-8D82-F36E0813696E}.Debug|Any CPU.Build.0 = Debug|x86
		{5291681A-DF3C-42FE-8D82-F36E0813696E}.Debug|Any CPU.Deploy.0 = Debug|x86
		{5291681A-DF3C-42FE-8D82-F36E0813696E}.Debug|ARM.ActiveCfg = Debug|ARM
		{5291681A-DF3C-42FE-8D82-F36E0813696E}.Debug|ARM.Build.0 = Debug|ARM
		{5291681A-DF3C-42FE-8D82-F36E0813696E}.Debug|ARM.Deploy.0 = Debug|ARM
		{5291681A-DF3C-42FE-8D82-F36E0813696E}.Debug|iPhone.ActiveCfg = Debug|x86
		{5291681A-DF3C-42FE-8D82-F36E0813696E}.Debug|iPhoneSimulator.ActiveCfg = Debug|x86
		{5291681A-DF3C-42FE-8D82-F36E0813696E}.Debug|x64.ActiveCfg = Debug|x64
		{5291681A-DF3C-42FE-8D82-F36E0813696E}.Debug|x64.Build.0 = Debug|x64
		{5291681A-DF3C-42FE-8D82-F36E0813696E}.Debug|x64.Deploy.0 = Debug|x64
		{5291681A-DF3C-42FE-8D82-F36E0813696E}.Debug|x86.ActiveCfg = Debug|x86
		{5291681A-DF3C-42FE-8D82-F36E0813696E}.Debug|x86.Build.0 = Debug|x86
		{5291681A-DF3C-42FE-8D82-F36E0813696E}.Debug|x86.Deploy.0 = Debug|x86
		{5291681A-DF3C-42FE-8D82-F36E0813696E}.Release_UWP|Any CPU.ActiveCfg = Release|x86
		{5291681A-DF3C-42FE-8D82-F36E0813696E}.Release_UWP|Any CPU.Build.0 = Release|x86
		{5291681A-DF3C-42FE-8D82-F36E0813696E}.Release_UWP|Any CPU.Deploy.0 = Release|x86
		{5291681A-DF3C-42FE-8D82-F36E0813696E}.Release_UWP|ARM.ActiveCfg = Release|ARM
		{5291681A-DF3C-42FE-8D82-F36E0813696E}.Release_UWP|ARM.Build.0 = Release|ARM
		{5291681A-DF3C-42FE-8D82-F36E0813696E}.Release_UWP|ARM.Deploy.0 = Release|ARM
		{5291681A-DF3C-42FE-8D82-F36E0813696E}.Release_UWP|iPhone.ActiveCfg = Release|x86
		{5291681A-DF3C-42FE-8D82-F36E0813696E}.Release_UWP|iPhoneSimulator.ActiveCfg = Release|x86
		{5291681A-DF3C-42FE-8D82-F36E0813696E}.Release_UWP|x64.ActiveCfg = Release|x64
		{5291681A-DF3C-42FE-8D82-F36E0813696E}.Release_UWP|x64.Build.0 = Release|x64
		{5291681A-DF3C-42FE-8D82-F36E0813696E}.Release_UWP|x64.Deploy.0 = Release|x64
		{5291681A-DF3C-42FE-8D82-F36E0813696E}.Release_UWP|x86.ActiveCfg = Release|x86
		{5291681A-DF3C-42FE-8D82-F36E0813696E}.Release_UWP|x86.Build.0 = Release|x86
		{5291681A-DF3C-42FE-8D82-F36E0813696E}.Release_UWP|x86.Deploy.0 = Release|x86
		{5291681A-DF3C-42FE-8D82-F36E0813696E}.Release|Any CPU.ActiveCfg = Release|x86
		{5291681A-DF3C-42FE-8D82-F36E0813696E}.Release|ARM.ActiveCfg = Release|ARM
		{5291681A-DF3C-42FE-8D82-F36E0813696E}.Release|ARM.Build.0 = Release|ARM
		{5291681A-DF3C-42FE-8D82-F36E0813696E}.Release|ARM.Deploy.0 = Release|ARM
		{5291681A-DF3C-42FE-8D82-F36E0813696E}.Release|iPhone.ActiveCfg = Release|x86
		{5291681A-DF3C-42FE-8D82-F36E0813696E}.Release|iPhoneSimulator.ActiveCfg = Release|x86
		{5291681A-DF3C-42FE-8D82-F36E0813696E}.Release|x64.ActiveCfg = Release|x64
		{5291681A-DF3C-42FE-8D82-F36E0813696E}.Release|x64.Build.0 = Release|x64
		{5291681A-DF3C-42FE-8D82-F36E0813696E}.Release|x64.Deploy.0 = Release|x64
		{5291681A-DF3C-42FE-8D82-F36E0813696E}.Release|x86.ActiveCfg = Release|x86
		{5291681A-DF3C-42FE-8D82-F36E0813696E}.Release|x86.Build.0 = Release|x86
		{5291681A-DF3C-42FE-8D82-F36E0813696E}.Release|x86.Deploy.0 = Release|x86
		{E82F521A-D31A-46AB-825E-EBA916CB0ACD}.Ad-Hoc|Any CPU.ActiveCfg = Release|Any CPU
		{E82F521A-D31A-46AB-825E-EBA916CB0ACD}.Ad-Hoc|Any CPU.Build.0 = Release|Any CPU
		{E82F521A-D31A-46AB-825E-EBA916CB0ACD}.Ad-Hoc|Any CPU.Deploy.0 = Release|Any CPU
		{E82F521A-D31A-46AB-825E-EBA916CB0ACD}.Ad-Hoc|ARM.ActiveCfg = Release|Any CPU
		{E82F521A-D31A-46AB-825E-EBA916CB0ACD}.Ad-Hoc|ARM.Build.0 = Release|Any CPU
		{E82F521A-D31A-46AB-825E-EBA916CB0ACD}.Ad-Hoc|ARM.Deploy.0 = Release|Any CPU
		{E82F521A-D31A-46AB-825E-EBA916CB0ACD}.Ad-Hoc|iPhone.ActiveCfg = Release|Any CPU
		{E82F521A-D31A-46AB-825E-EBA916CB0ACD}.Ad-Hoc|iPhone.Build.0 = Release|Any CPU
		{E82F521A-D31A-46AB-825E-EBA916CB0ACD}.Ad-Hoc|iPhone.Deploy.0 = Release|Any CPU
		{E82F521A-D31A-46AB-825E-EBA916CB0ACD}.Ad-Hoc|iPhoneSimulator.ActiveCfg = Release|Any CPU
		{E82F521A-D31A-46AB-825E-EBA916CB0ACD}.Ad-Hoc|iPhoneSimulator.Build.0 = Release|Any CPU
		{E82F521A-D31A-46AB-825E-EBA916CB0ACD}.Ad-Hoc|iPhoneSimulator.Deploy.0 = Release|Any CPU
		{E82F521A-D31A-46AB-825E-EBA916CB0ACD}.Ad-Hoc|x64.ActiveCfg = Release|Any CPU
		{E82F521A-D31A-46AB-825E-EBA916CB0ACD}.Ad-Hoc|x64.Build.0 = Release|Any CPU
		{E82F521A-D31A-46AB-825E-EBA916CB0ACD}.Ad-Hoc|x64.Deploy.0 = Release|Any CPU
		{E82F521A-D31A-46AB-825E-EBA916CB0ACD}.Ad-Hoc|x86.ActiveCfg = Release|Any CPU
		{E82F521A-D31A-46AB-825E-EBA916CB0ACD}.Ad-Hoc|x86.Build.0 = Release|Any CPU
		{E82F521A-D31A-46AB-825E-EBA916CB0ACD}.Ad-Hoc|x86.Deploy.0 = Release|Any CPU
		{E82F521A-D31A-46AB-825E-EBA916CB0ACD}.AppStore|Any CPU.ActiveCfg = Release|Any CPU
		{E82F521A-D31A-46AB-825E-EBA916CB0ACD}.AppStore|Any CPU.Build.0 = Release|Any CPU
		{E82F521A-D31A-46AB-825E-EBA916CB0ACD}.AppStore|Any CPU.Deploy.0 = Release|Any CPU
		{E82F521A-D31A-46AB-825E-EBA916CB0ACD}.AppStore|ARM.ActiveCfg = Release|Any CPU
		{E82F521A-D31A-46AB-825E-EBA916CB0ACD}.AppStore|ARM.Build.0 = Release|Any CPU
		{E82F521A-D31A-46AB-825E-EBA916CB0ACD}.AppStore|ARM.Deploy.0 = Release|Any CPU
		{E82F521A-D31A-46AB-825E-EBA916CB0ACD}.AppStore|iPhone.ActiveCfg = Release|Any CPU
		{E82F521A-D31A-46AB-825E-EBA916CB0ACD}.AppStore|iPhone.Build.0 = Release|Any CPU
		{E82F521A-D31A-46AB-825E-EBA916CB0ACD}.AppStore|iPhone.Deploy.0 = Release|Any CPU
		{E82F521A-D31A-46AB-825E-EBA916CB0ACD}.AppStore|iPhoneSimulator.ActiveCfg = Release|Any CPU
		{E82F521A-D31A-46AB-825E-EBA916CB0ACD}.AppStore|iPhoneSimulator.Build.0 = Release|Any CPU
		{E82F521A-D31A-46AB-825E-EBA916CB0ACD}.AppStore|iPhoneSimulator.Deploy.0 = Release|Any CPU
		{E82F521A-D31A-46AB-825E-EBA916CB0ACD}.AppStore|x64.ActiveCfg = Release|Any CPU
		{E82F521A-D31A-46AB-825E-EBA916CB0ACD}.AppStore|x64.Build.0 = Release|Any CPU
		{E82F521A-D31A-46AB-825E-EBA916CB0ACD}.AppStore|x64.Deploy.0 = Release|Any CPU
		{E82F521A-D31A-46AB-825E-EBA916CB0ACD}.AppStore|x86.ActiveCfg = Release|Any CPU
		{E82F521A-D31A-46AB-825E-EBA916CB0ACD}.AppStore|x86.Build.0 = Release|Any CPU
		{E82F521A-D31A-46AB-825E-EBA916CB0ACD}.AppStore|x86.Deploy.0 = Release|Any CPU
		{E82F521A-D31A-46AB-825E-EBA916CB0ACD}.Debug|Any CPU.ActiveCfg = Debug|Any CPU
		{E82F521A-D31A-46AB-825E-EBA916CB0ACD}.Debug|Any CPU.Build.0 = Debug|Any CPU
		{E82F521A-D31A-46AB-825E-EBA916CB0ACD}.Debug|Any CPU.Deploy.0 = Debug|Any CPU
		{E82F521A-D31A-46AB-825E-EBA916CB0ACD}.Debug|ARM.ActiveCfg = Debug|Any CPU
		{E82F521A-D31A-46AB-825E-EBA916CB0ACD}.Debug|ARM.Build.0 = Debug|Any CPU
		{E82F521A-D31A-46AB-825E-EBA916CB0ACD}.Debug|ARM.Deploy.0 = Debug|Any CPU
		{E82F521A-D31A-46AB-825E-EBA916CB0ACD}.Debug|iPhone.ActiveCfg = Debug|Any CPU
		{E82F521A-D31A-46AB-825E-EBA916CB0ACD}.Debug|iPhone.Build.0 = Debug|Any CPU
		{E82F521A-D31A-46AB-825E-EBA916CB0ACD}.Debug|iPhone.Deploy.0 = Debug|Any CPU
		{E82F521A-D31A-46AB-825E-EBA916CB0ACD}.Debug|iPhoneSimulator.ActiveCfg = Debug|Any CPU
		{E82F521A-D31A-46AB-825E-EBA916CB0ACD}.Debug|iPhoneSimulator.Build.0 = Debug|Any CPU
		{E82F521A-D31A-46AB-825E-EBA916CB0ACD}.Debug|iPhoneSimulator.Deploy.0 = Debug|Any CPU
		{E82F521A-D31A-46AB-825E-EBA916CB0ACD}.Debug|x64.ActiveCfg = Debug|Any CPU
		{E82F521A-D31A-46AB-825E-EBA916CB0ACD}.Debug|x64.Build.0 = Debug|Any CPU
		{E82F521A-D31A-46AB-825E-EBA916CB0ACD}.Debug|x64.Deploy.0 = Debug|Any CPU
		{E82F521A-D31A-46AB-825E-EBA916CB0ACD}.Debug|x86.ActiveCfg = Debug|Any CPU
		{E82F521A-D31A-46AB-825E-EBA916CB0ACD}.Debug|x86.Build.0 = Debug|Any CPU
		{E82F521A-D31A-46AB-825E-EBA916CB0ACD}.Debug|x86.Deploy.0 = Debug|Any CPU
		{E82F521A-D31A-46AB-825E-EBA916CB0ACD}.Release_UWP|Any CPU.ActiveCfg = Release|Any CPU
		{E82F521A-D31A-46AB-825E-EBA916CB0ACD}.Release_UWP|ARM.ActiveCfg = Release|Any CPU
		{E82F521A-D31A-46AB-825E-EBA916CB0ACD}.Release_UWP|ARM.Build.0 = Release|Any CPU
		{E82F521A-D31A-46AB-825E-EBA916CB0ACD}.Release_UWP|ARM.Deploy.0 = Release|Any CPU
		{E82F521A-D31A-46AB-825E-EBA916CB0ACD}.Release_UWP|iPhone.ActiveCfg = Release|Any CPU
		{E82F521A-D31A-46AB-825E-EBA916CB0ACD}.Release_UWP|iPhone.Build.0 = Release|Any CPU
		{E82F521A-D31A-46AB-825E-EBA916CB0ACD}.Release_UWP|iPhone.Deploy.0 = Release|Any CPU
		{E82F521A-D31A-46AB-825E-EBA916CB0ACD}.Release_UWP|iPhoneSimulator.ActiveCfg = Release|Any CPU
		{E82F521A-D31A-46AB-825E-EBA916CB0ACD}.Release_UWP|iPhoneSimulator.Build.0 = Release|Any CPU
		{E82F521A-D31A-46AB-825E-EBA916CB0ACD}.Release_UWP|iPhoneSimulator.Deploy.0 = Release|Any CPU
		{E82F521A-D31A-46AB-825E-EBA916CB0ACD}.Release_UWP|x64.ActiveCfg = Release|Any CPU
		{E82F521A-D31A-46AB-825E-EBA916CB0ACD}.Release_UWP|x64.Build.0 = Release|Any CPU
		{E82F521A-D31A-46AB-825E-EBA916CB0ACD}.Release_UWP|x64.Deploy.0 = Release|Any CPU
		{E82F521A-D31A-46AB-825E-EBA916CB0ACD}.Release_UWP|x86.ActiveCfg = Release|Any CPU
		{E82F521A-D31A-46AB-825E-EBA916CB0ACD}.Release_UWP|x86.Build.0 = Release|Any CPU
		{E82F521A-D31A-46AB-825E-EBA916CB0ACD}.Release_UWP|x86.Deploy.0 = Release|Any CPU
		{E82F521A-D31A-46AB-825E-EBA916CB0ACD}.Release|Any CPU.ActiveCfg = Release|Any CPU
		{E82F521A-D31A-46AB-825E-EBA916CB0ACD}.Release|Any CPU.Build.0 = Release|Any CPU
		{E82F521A-D31A-46AB-825E-EBA916CB0ACD}.Release|Any CPU.Deploy.0 = Release|Any CPU
		{E82F521A-D31A-46AB-825E-EBA916CB0ACD}.Release|ARM.ActiveCfg = Release|Any CPU
		{E82F521A-D31A-46AB-825E-EBA916CB0ACD}.Release|iPhone.ActiveCfg = Release|Any CPU
		{E82F521A-D31A-46AB-825E-EBA916CB0ACD}.Release|iPhoneSimulator.ActiveCfg = Release|Any CPU
		{E82F521A-D31A-46AB-825E-EBA916CB0ACD}.Release|iPhoneSimulator.Build.0 = Release|Any CPU
		{E82F521A-D31A-46AB-825E-EBA916CB0ACD}.Release|iPhoneSimulator.Deploy.0 = Release|Any CPU
		{E82F521A-D31A-46AB-825E-EBA916CB0ACD}.Release|x64.ActiveCfg = Release|Any CPU
		{E82F521A-D31A-46AB-825E-EBA916CB0ACD}.Release|x64.Deploy.0 = Release|Any CPU
		{E82F521A-D31A-46AB-825E-EBA916CB0ACD}.Release|x86.ActiveCfg = Release|Any CPU
		{E82F521A-D31A-46AB-825E-EBA916CB0ACD}.Release|x86.Deploy.0 = Release|Any CPU
		{7C0DDB53-8E81-4231-B99A-47B7B675B477}.Ad-Hoc|Any CPU.ActiveCfg = Ad-Hoc|iPhone
		{7C0DDB53-8E81-4231-B99A-47B7B675B477}.Ad-Hoc|ARM.ActiveCfg = Ad-Hoc|iPhone
		{7C0DDB53-8E81-4231-B99A-47B7B675B477}.Ad-Hoc|iPhone.ActiveCfg = Ad-Hoc|iPhone
		{7C0DDB53-8E81-4231-B99A-47B7B675B477}.Ad-Hoc|iPhone.Build.0 = Ad-Hoc|iPhone
		{7C0DDB53-8E81-4231-B99A-47B7B675B477}.Ad-Hoc|iPhoneSimulator.ActiveCfg = Ad-Hoc|iPhoneSimulator
		{7C0DDB53-8E81-4231-B99A-47B7B675B477}.Ad-Hoc|iPhoneSimulator.Build.0 = Ad-Hoc|iPhoneSimulator
		{7C0DDB53-8E81-4231-B99A-47B7B675B477}.Ad-Hoc|x64.ActiveCfg = Ad-Hoc|iPhone
		{7C0DDB53-8E81-4231-B99A-47B7B675B477}.Ad-Hoc|x86.ActiveCfg = Ad-Hoc|iPhone
		{7C0DDB53-8E81-4231-B99A-47B7B675B477}.AppStore|Any CPU.ActiveCfg = AppStore|iPhone
		{7C0DDB53-8E81-4231-B99A-47B7B675B477}.AppStore|ARM.ActiveCfg = AppStore|iPhone
		{7C0DDB53-8E81-4231-B99A-47B7B675B477}.AppStore|iPhone.ActiveCfg = AppStore|iPhone
		{7C0DDB53-8E81-4231-B99A-47B7B675B477}.AppStore|iPhone.Build.0 = AppStore|iPhone
		{7C0DDB53-8E81-4231-B99A-47B7B675B477}.AppStore|iPhoneSimulator.ActiveCfg = AppStore|iPhoneSimulator
		{7C0DDB53-8E81-4231-B99A-47B7B675B477}.AppStore|iPhoneSimulator.Build.0 = AppStore|iPhoneSimulator
		{7C0DDB53-8E81-4231-B99A-47B7B675B477}.AppStore|x64.ActiveCfg = AppStore|iPhone
		{7C0DDB53-8E81-4231-B99A-47B7B675B477}.AppStore|x86.ActiveCfg = AppStore|iPhone
		{7C0DDB53-8E81-4231-B99A-47B7B675B477}.Debug|Any CPU.ActiveCfg = Debug|iPhone
		{7C0DDB53-8E81-4231-B99A-47B7B675B477}.Debug|ARM.ActiveCfg = Debug|iPhone
		{7C0DDB53-8E81-4231-B99A-47B7B675B477}.Debug|iPhone.ActiveCfg = Debug|iPhone
		{7C0DDB53-8E81-4231-B99A-47B7B675B477}.Debug|iPhone.Build.0 = Debug|iPhone
		{7C0DDB53-8E81-4231-B99A-47B7B675B477}.Debug|iPhoneSimulator.ActiveCfg = Debug|iPhoneSimulator
		{7C0DDB53-8E81-4231-B99A-47B7B675B477}.Debug|iPhoneSimulator.Build.0 = Debug|iPhoneSimulator
		{7C0DDB53-8E81-4231-B99A-47B7B675B477}.Debug|x64.ActiveCfg = Debug|iPhone
		{7C0DDB53-8E81-4231-B99A-47B7B675B477}.Debug|x86.ActiveCfg = Debug|iPhone
		{7C0DDB53-8E81-4231-B99A-47B7B675B477}.Debug|x86.Build.0 = Debug|iPhone
		{7C0DDB53-8E81-4231-B99A-47B7B675B477}.Release_UWP|Any CPU.ActiveCfg = Release|iPhone
		{7C0DDB53-8E81-4231-B99A-47B7B675B477}.Release_UWP|ARM.ActiveCfg = Release|iPhone
		{7C0DDB53-8E81-4231-B99A-47B7B675B477}.Release_UWP|iPhone.ActiveCfg = Release|iPhone
		{7C0DDB53-8E81-4231-B99A-47B7B675B477}.Release_UWP|iPhone.Build.0 = Release|iPhone
		{7C0DDB53-8E81-4231-B99A-47B7B675B477}.Release_UWP|iPhoneSimulator.ActiveCfg = Release|iPhoneSimulator
		{7C0DDB53-8E81-4231-B99A-47B7B675B477}.Release_UWP|iPhoneSimulator.Build.0 = Release|iPhoneSimulator
		{7C0DDB53-8E81-4231-B99A-47B7B675B477}.Release_UWP|x64.ActiveCfg = Release|iPhone
		{7C0DDB53-8E81-4231-B99A-47B7B675B477}.Release_UWP|x86.ActiveCfg = Release|iPhone
		{7C0DDB53-8E81-4231-B99A-47B7B675B477}.Release_UWP|x86.Build.0 = Release|iPhone
		{7C0DDB53-8E81-4231-B99A-47B7B675B477}.Release|Any CPU.ActiveCfg = Release|iPhone
		{7C0DDB53-8E81-4231-B99A-47B7B675B477}.Release|ARM.ActiveCfg = Release|iPhone
		{7C0DDB53-8E81-4231-B99A-47B7B675B477}.Release|iPhone.ActiveCfg = Release|iPhone
		{7C0DDB53-8E81-4231-B99A-47B7B675B477}.Release|iPhone.Build.0 = Release|iPhone
		{7C0DDB53-8E81-4231-B99A-47B7B675B477}.Release|iPhoneSimulator.ActiveCfg = Release|iPhoneSimulator
		{7C0DDB53-8E81-4231-B99A-47B7B675B477}.Release|iPhoneSimulator.Build.0 = Release|iPhoneSimulator
		{7C0DDB53-8E81-4231-B99A-47B7B675B477}.Release|x64.ActiveCfg = Release|iPhone
		{7C0DDB53-8E81-4231-B99A-47B7B675B477}.Release|x86.ActiveCfg = Release|iPhone
		{947F1FE2-834A-410C-B347-09E4769D3B4E}.Ad-Hoc|Any CPU.ActiveCfg = Release|Any CPU
		{947F1FE2-834A-410C-B347-09E4769D3B4E}.Ad-Hoc|Any CPU.Build.0 = Release|Any CPU
		{947F1FE2-834A-410C-B347-09E4769D3B4E}.Ad-Hoc|ARM.ActiveCfg = Release|Any CPU
		{947F1FE2-834A-410C-B347-09E4769D3B4E}.Ad-Hoc|ARM.Build.0 = Release|Any CPU
		{947F1FE2-834A-410C-B347-09E4769D3B4E}.Ad-Hoc|iPhone.ActiveCfg = Release|Any CPU
		{947F1FE2-834A-410C-B347-09E4769D3B4E}.Ad-Hoc|iPhone.Build.0 = Release|Any CPU
		{947F1FE2-834A-410C-B347-09E4769D3B4E}.Ad-Hoc|iPhoneSimulator.ActiveCfg = Release|Any CPU
		{947F1FE2-834A-410C-B347-09E4769D3B4E}.Ad-Hoc|iPhoneSimulator.Build.0 = Release|Any CPU
		{947F1FE2-834A-410C-B347-09E4769D3B4E}.Ad-Hoc|x64.ActiveCfg = Release|Any CPU
		{947F1FE2-834A-410C-B347-09E4769D3B4E}.Ad-Hoc|x64.Build.0 = Release|Any CPU
		{947F1FE2-834A-410C-B347-09E4769D3B4E}.Ad-Hoc|x86.ActiveCfg = Release|Any CPU
		{947F1FE2-834A-410C-B347-09E4769D3B4E}.Ad-Hoc|x86.Build.0 = Release|Any CPU
		{947F1FE2-834A-410C-B347-09E4769D3B4E}.AppStore|Any CPU.ActiveCfg = Release|Any CPU
		{947F1FE2-834A-410C-B347-09E4769D3B4E}.AppStore|Any CPU.Build.0 = Release|Any CPU
		{947F1FE2-834A-410C-B347-09E4769D3B4E}.AppStore|ARM.ActiveCfg = Release|Any CPU
		{947F1FE2-834A-410C-B347-09E4769D3B4E}.AppStore|ARM.Build.0 = Release|Any CPU
		{947F1FE2-834A-410C-B347-09E4769D3B4E}.AppStore|iPhone.ActiveCfg = Release|Any CPU
		{947F1FE2-834A-410C-B347-09E4769D3B4E}.AppStore|iPhone.Build.0 = Release|Any CPU
		{947F1FE2-834A-410C-B347-09E4769D3B4E}.AppStore|iPhoneSimulator.ActiveCfg = Release|Any CPU
		{947F1FE2-834A-410C-B347-09E4769D3B4E}.AppStore|iPhoneSimulator.Build.0 = Release|Any CPU
		{947F1FE2-834A-410C-B347-09E4769D3B4E}.AppStore|x64.ActiveCfg = Release|Any CPU
		{947F1FE2-834A-410C-B347-09E4769D3B4E}.AppStore|x64.Build.0 = Release|Any CPU
		{947F1FE2-834A-410C-B347-09E4769D3B4E}.AppStore|x86.ActiveCfg = Release|Any CPU
		{947F1FE2-834A-410C-B347-09E4769D3B4E}.AppStore|x86.Build.0 = Release|Any CPU
		{947F1FE2-834A-410C-B347-09E4769D3B4E}.Debug|Any CPU.ActiveCfg = Debug|Any CPU
		{947F1FE2-834A-410C-B347-09E4769D3B4E}.Debug|Any CPU.Build.0 = Debug|Any CPU
		{947F1FE2-834A-410C-B347-09E4769D3B4E}.Debug|ARM.ActiveCfg = Debug|Any CPU
		{947F1FE2-834A-410C-B347-09E4769D3B4E}.Debug|ARM.Build.0 = Debug|Any CPU
		{947F1FE2-834A-410C-B347-09E4769D3B4E}.Debug|iPhone.ActiveCfg = Debug|Any CPU
		{947F1FE2-834A-410C-B347-09E4769D3B4E}.Debug|iPhone.Build.0 = Debug|Any CPU
		{947F1FE2-834A-410C-B347-09E4769D3B4E}.Debug|iPhoneSimulator.ActiveCfg = Debug|Any CPU
		{947F1FE2-834A-410C-B347-09E4769D3B4E}.Debug|iPhoneSimulator.Build.0 = Debug|Any CPU
		{947F1FE2-834A-410C-B347-09E4769D3B4E}.Debug|x64.ActiveCfg = Debug|Any CPU
		{947F1FE2-834A-410C-B347-09E4769D3B4E}.Debug|x64.Build.0 = Debug|Any CPU
		{947F1FE2-834A-410C-B347-09E4769D3B4E}.Debug|x86.ActiveCfg = Debug|Any CPU
		{947F1FE2-834A-410C-B347-09E4769D3B4E}.Debug|x86.Build.0 = Debug|Any CPU
		{947F1FE2-834A-410C-B347-09E4769D3B4E}.Release_UWP|Any CPU.ActiveCfg = Release|Any CPU
		{947F1FE2-834A-410C-B347-09E4769D3B4E}.Release_UWP|ARM.ActiveCfg = Release|Any CPU
		{947F1FE2-834A-410C-B347-09E4769D3B4E}.Release_UWP|ARM.Build.0 = Release|Any CPU
		{947F1FE2-834A-410C-B347-09E4769D3B4E}.Release_UWP|iPhone.ActiveCfg = Release|Any CPU
		{947F1FE2-834A-410C-B347-09E4769D3B4E}.Release_UWP|iPhone.Build.0 = Release|Any CPU
		{947F1FE2-834A-410C-B347-09E4769D3B4E}.Release_UWP|iPhoneSimulator.ActiveCfg = Release|Any CPU
		{947F1FE2-834A-410C-B347-09E4769D3B4E}.Release_UWP|iPhoneSimulator.Build.0 = Release|Any CPU
		{947F1FE2-834A-410C-B347-09E4769D3B4E}.Release_UWP|x64.ActiveCfg = Release|Any CPU
		{947F1FE2-834A-410C-B347-09E4769D3B4E}.Release_UWP|x64.Build.0 = Release|Any CPU
		{947F1FE2-834A-410C-B347-09E4769D3B4E}.Release_UWP|x86.ActiveCfg = Release|Any CPU
		{947F1FE2-834A-410C-B347-09E4769D3B4E}.Release_UWP|x86.Build.0 = Release|Any CPU
		{947F1FE2-834A-410C-B347-09E4769D3B4E}.Release|Any CPU.ActiveCfg = Release|Any CPU
		{947F1FE2-834A-410C-B347-09E4769D3B4E}.Release|Any CPU.Build.0 = Release|Any CPU
		{947F1FE2-834A-410C-B347-09E4769D3B4E}.Release|ARM.ActiveCfg = Release|Any CPU
		{947F1FE2-834A-410C-B347-09E4769D3B4E}.Release|iPhone.ActiveCfg = Release|Any CPU
		{947F1FE2-834A-410C-B347-09E4769D3B4E}.Release|iPhoneSimulator.ActiveCfg = Release|Any CPU
		{947F1FE2-834A-410C-B347-09E4769D3B4E}.Release|iPhoneSimulator.Build.0 = Release|Any CPU
		{947F1FE2-834A-410C-B347-09E4769D3B4E}.Release|x64.ActiveCfg = Release|Any CPU
		{947F1FE2-834A-410C-B347-09E4769D3B4E}.Release|x86.ActiveCfg = Release|Any CPU
		{4114BA04-25A1-47CE-80EA-2C1CB2792289}.Ad-Hoc|Any CPU.ActiveCfg = Debug|Any CPU
		{4114BA04-25A1-47CE-80EA-2C1CB2792289}.Ad-Hoc|Any CPU.Build.0 = Debug|Any CPU
		{4114BA04-25A1-47CE-80EA-2C1CB2792289}.Ad-Hoc|ARM.ActiveCfg = Debug|Any CPU
		{4114BA04-25A1-47CE-80EA-2C1CB2792289}.Ad-Hoc|ARM.Build.0 = Debug|Any CPU
		{4114BA04-25A1-47CE-80EA-2C1CB2792289}.Ad-Hoc|iPhone.ActiveCfg = Debug|Any CPU
		{4114BA04-25A1-47CE-80EA-2C1CB2792289}.Ad-Hoc|iPhone.Build.0 = Debug|Any CPU
		{4114BA04-25A1-47CE-80EA-2C1CB2792289}.Ad-Hoc|iPhoneSimulator.ActiveCfg = Debug|Any CPU
		{4114BA04-25A1-47CE-80EA-2C1CB2792289}.Ad-Hoc|iPhoneSimulator.Build.0 = Debug|Any CPU
		{4114BA04-25A1-47CE-80EA-2C1CB2792289}.Ad-Hoc|x64.ActiveCfg = Debug|Any CPU
		{4114BA04-25A1-47CE-80EA-2C1CB2792289}.Ad-Hoc|x64.Build.0 = Debug|Any CPU
		{4114BA04-25A1-47CE-80EA-2C1CB2792289}.Ad-Hoc|x86.ActiveCfg = Debug|Any CPU
		{4114BA04-25A1-47CE-80EA-2C1CB2792289}.Ad-Hoc|x86.Build.0 = Debug|Any CPU
		{4114BA04-25A1-47CE-80EA-2C1CB2792289}.AppStore|Any CPU.ActiveCfg = Debug|Any CPU
		{4114BA04-25A1-47CE-80EA-2C1CB2792289}.AppStore|Any CPU.Build.0 = Debug|Any CPU
		{4114BA04-25A1-47CE-80EA-2C1CB2792289}.AppStore|ARM.ActiveCfg = Debug|Any CPU
		{4114BA04-25A1-47CE-80EA-2C1CB2792289}.AppStore|ARM.Build.0 = Debug|Any CPU
		{4114BA04-25A1-47CE-80EA-2C1CB2792289}.AppStore|iPhone.ActiveCfg = Debug|Any CPU
		{4114BA04-25A1-47CE-80EA-2C1CB2792289}.AppStore|iPhone.Build.0 = Debug|Any CPU
		{4114BA04-25A1-47CE-80EA-2C1CB2792289}.AppStore|iPhoneSimulator.ActiveCfg = Debug|Any CPU
		{4114BA04-25A1-47CE-80EA-2C1CB2792289}.AppStore|iPhoneSimulator.Build.0 = Debug|Any CPU
		{4114BA04-25A1-47CE-80EA-2C1CB2792289}.AppStore|x64.ActiveCfg = Debug|Any CPU
		{4114BA04-25A1-47CE-80EA-2C1CB2792289}.AppStore|x64.Build.0 = Debug|Any CPU
		{4114BA04-25A1-47CE-80EA-2C1CB2792289}.AppStore|x86.ActiveCfg = Debug|Any CPU
		{4114BA04-25A1-47CE-80EA-2C1CB2792289}.AppStore|x86.Build.0 = Debug|Any CPU
		{4114BA04-25A1-47CE-80EA-2C1CB2792289}.Debug|Any CPU.ActiveCfg = Debug|Any CPU
		{4114BA04-25A1-47CE-80EA-2C1CB2792289}.Debug|Any CPU.Build.0 = Debug|Any CPU
		{4114BA04-25A1-47CE-80EA-2C1CB2792289}.Debug|ARM.ActiveCfg = Debug|Any CPU
		{4114BA04-25A1-47CE-80EA-2C1CB2792289}.Debug|ARM.Build.0 = Debug|Any CPU
		{4114BA04-25A1-47CE-80EA-2C1CB2792289}.Debug|iPhone.ActiveCfg = Debug|Any CPU
		{4114BA04-25A1-47CE-80EA-2C1CB2792289}.Debug|iPhone.Build.0 = Debug|Any CPU
		{4114BA04-25A1-47CE-80EA-2C1CB2792289}.Debug|iPhoneSimulator.ActiveCfg = Debug|Any CPU
		{4114BA04-25A1-47CE-80EA-2C1CB2792289}.Debug|iPhoneSimulator.Build.0 = Debug|Any CPU
		{4114BA04-25A1-47CE-80EA-2C1CB2792289}.Debug|x64.ActiveCfg = Debug|Any CPU
		{4114BA04-25A1-47CE-80EA-2C1CB2792289}.Debug|x64.Build.0 = Debug|Any CPU
		{4114BA04-25A1-47CE-80EA-2C1CB2792289}.Debug|x86.ActiveCfg = Debug|Any CPU
		{4114BA04-25A1-47CE-80EA-2C1CB2792289}.Debug|x86.Build.0 = Debug|Any CPU
		{4114BA04-25A1-47CE-80EA-2C1CB2792289}.Release_UWP|Any CPU.ActiveCfg = Release|Any CPU
		{4114BA04-25A1-47CE-80EA-2C1CB2792289}.Release_UWP|Any CPU.Build.0 = Release|Any CPU
		{4114BA04-25A1-47CE-80EA-2C1CB2792289}.Release_UWP|ARM.ActiveCfg = Release|Any CPU
		{4114BA04-25A1-47CE-80EA-2C1CB2792289}.Release_UWP|ARM.Build.0 = Release|Any CPU
		{4114BA04-25A1-47CE-80EA-2C1CB2792289}.Release_UWP|iPhone.ActiveCfg = Release|Any CPU
		{4114BA04-25A1-47CE-80EA-2C1CB2792289}.Release_UWP|iPhone.Build.0 = Release|Any CPU
		{4114BA04-25A1-47CE-80EA-2C1CB2792289}.Release_UWP|iPhoneSimulator.ActiveCfg = Release|Any CPU
		{4114BA04-25A1-47CE-80EA-2C1CB2792289}.Release_UWP|iPhoneSimulator.Build.0 = Release|Any CPU
		{4114BA04-25A1-47CE-80EA-2C1CB2792289}.Release_UWP|x64.ActiveCfg = Release|Any CPU
		{4114BA04-25A1-47CE-80EA-2C1CB2792289}.Release_UWP|x64.Build.0 = Release|Any CPU
		{4114BA04-25A1-47CE-80EA-2C1CB2792289}.Release_UWP|x86.ActiveCfg = Release|Any CPU
		{4114BA04-25A1-47CE-80EA-2C1CB2792289}.Release_UWP|x86.Build.0 = Release|Any CPU
		{4114BA04-25A1-47CE-80EA-2C1CB2792289}.Release|Any CPU.ActiveCfg = Release|Any CPU
		{4114BA04-25A1-47CE-80EA-2C1CB2792289}.Release|Any CPU.Build.0 = Release|Any CPU
		{4114BA04-25A1-47CE-80EA-2C1CB2792289}.Release|ARM.ActiveCfg = Release|Any CPU
		{4114BA04-25A1-47CE-80EA-2C1CB2792289}.Release|ARM.Build.0 = Release|Any CPU
		{4114BA04-25A1-47CE-80EA-2C1CB2792289}.Release|iPhone.ActiveCfg = Release|Any CPU
		{4114BA04-25A1-47CE-80EA-2C1CB2792289}.Release|iPhone.Build.0 = Release|Any CPU
		{4114BA04-25A1-47CE-80EA-2C1CB2792289}.Release|iPhoneSimulator.ActiveCfg = Release|Any CPU
		{4114BA04-25A1-47CE-80EA-2C1CB2792289}.Release|iPhoneSimulator.Build.0 = Release|Any CPU
		{4114BA04-25A1-47CE-80EA-2C1CB2792289}.Release|x64.ActiveCfg = Release|Any CPU
		{4114BA04-25A1-47CE-80EA-2C1CB2792289}.Release|x64.Build.0 = Release|Any CPU
		{4114BA04-25A1-47CE-80EA-2C1CB2792289}.Release|x86.ActiveCfg = Release|Any CPU
		{4114BA04-25A1-47CE-80EA-2C1CB2792289}.Release|x86.Build.0 = Release|Any CPU
		{E8687A34-4F17-4F66-9A05-F75ED1526BA8}.Ad-Hoc|Any CPU.ActiveCfg = Debug|Any CPU
		{E8687A34-4F17-4F66-9A05-F75ED1526BA8}.Ad-Hoc|Any CPU.Build.0 = Debug|Any CPU
		{E8687A34-4F17-4F66-9A05-F75ED1526BA8}.Ad-Hoc|ARM.ActiveCfg = Debug|Any CPU
		{E8687A34-4F17-4F66-9A05-F75ED1526BA8}.Ad-Hoc|ARM.Build.0 = Debug|Any CPU
		{E8687A34-4F17-4F66-9A05-F75ED1526BA8}.Ad-Hoc|iPhone.ActiveCfg = Debug|Any CPU
		{E8687A34-4F17-4F66-9A05-F75ED1526BA8}.Ad-Hoc|iPhone.Build.0 = Debug|Any CPU
		{E8687A34-4F17-4F66-9A05-F75ED1526BA8}.Ad-Hoc|iPhoneSimulator.ActiveCfg = Debug|Any CPU
		{E8687A34-4F17-4F66-9A05-F75ED1526BA8}.Ad-Hoc|iPhoneSimulator.Build.0 = Debug|Any CPU
		{E8687A34-4F17-4F66-9A05-F75ED1526BA8}.Ad-Hoc|x64.ActiveCfg = Debug|Any CPU
		{E8687A34-4F17-4F66-9A05-F75ED1526BA8}.Ad-Hoc|x64.Build.0 = Debug|Any CPU
		{E8687A34-4F17-4F66-9A05-F75ED1526BA8}.Ad-Hoc|x86.ActiveCfg = Debug|Any CPU
		{E8687A34-4F17-4F66-9A05-F75ED1526BA8}.Ad-Hoc|x86.Build.0 = Debug|Any CPU
		{E8687A34-4F17-4F66-9A05-F75ED1526BA8}.AppStore|Any CPU.ActiveCfg = Debug|Any CPU
		{E8687A34-4F17-4F66-9A05-F75ED1526BA8}.AppStore|Any CPU.Build.0 = Debug|Any CPU
		{E8687A34-4F17-4F66-9A05-F75ED1526BA8}.AppStore|ARM.ActiveCfg = Debug|Any CPU
		{E8687A34-4F17-4F66-9A05-F75ED1526BA8}.AppStore|ARM.Build.0 = Debug|Any CPU
		{E8687A34-4F17-4F66-9A05-F75ED1526BA8}.AppStore|iPhone.ActiveCfg = Debug|Any CPU
		{E8687A34-4F17-4F66-9A05-F75ED1526BA8}.AppStore|iPhone.Build.0 = Debug|Any CPU
		{E8687A34-4F17-4F66-9A05-F75ED1526BA8}.AppStore|iPhoneSimulator.ActiveCfg = Debug|Any CPU
		{E8687A34-4F17-4F66-9A05-F75ED1526BA8}.AppStore|iPhoneSimulator.Build.0 = Debug|Any CPU
		{E8687A34-4F17-4F66-9A05-F75ED1526BA8}.AppStore|x64.ActiveCfg = Debug|Any CPU
		{E8687A34-4F17-4F66-9A05-F75ED1526BA8}.AppStore|x64.Build.0 = Debug|Any CPU
		{E8687A34-4F17-4F66-9A05-F75ED1526BA8}.AppStore|x86.ActiveCfg = Debug|Any CPU
		{E8687A34-4F17-4F66-9A05-F75ED1526BA8}.AppStore|x86.Build.0 = Debug|Any CPU
		{E8687A34-4F17-4F66-9A05-F75ED1526BA8}.Debug|Any CPU.ActiveCfg = Debug|Any CPU
		{E8687A34-4F17-4F66-9A05-F75ED1526BA8}.Debug|Any CPU.Build.0 = Debug|Any CPU
		{E8687A34-4F17-4F66-9A05-F75ED1526BA8}.Debug|ARM.ActiveCfg = Debug|Any CPU
		{E8687A34-4F17-4F66-9A05-F75ED1526BA8}.Debug|ARM.Build.0 = Debug|Any CPU
		{E8687A34-4F17-4F66-9A05-F75ED1526BA8}.Debug|iPhone.ActiveCfg = Debug|Any CPU
		{E8687A34-4F17-4F66-9A05-F75ED1526BA8}.Debug|iPhone.Build.0 = Debug|Any CPU
		{E8687A34-4F17-4F66-9A05-F75ED1526BA8}.Debug|iPhoneSimulator.ActiveCfg = Debug|Any CPU
		{E8687A34-4F17-4F66-9A05-F75ED1526BA8}.Debug|iPhoneSimulator.Build.0 = Debug|Any CPU
		{E8687A34-4F17-4F66-9A05-F75ED1526BA8}.Debug|x64.ActiveCfg = Debug|Any CPU
		{E8687A34-4F17-4F66-9A05-F75ED1526BA8}.Debug|x64.Build.0 = Debug|Any CPU
		{E8687A34-4F17-4F66-9A05-F75ED1526BA8}.Debug|x86.ActiveCfg = Debug|Any CPU
		{E8687A34-4F17-4F66-9A05-F75ED1526BA8}.Debug|x86.Build.0 = Debug|Any CPU
		{E8687A34-4F17-4F66-9A05-F75ED1526BA8}.Release_UWP|Any CPU.ActiveCfg = Release|Any CPU
		{E8687A34-4F17-4F66-9A05-F75ED1526BA8}.Release_UWP|Any CPU.Build.0 = Release|Any CPU
		{E8687A34-4F17-4F66-9A05-F75ED1526BA8}.Release_UWP|ARM.ActiveCfg = Release|Any CPU
		{E8687A34-4F17-4F66-9A05-F75ED1526BA8}.Release_UWP|ARM.Build.0 = Release|Any CPU
		{E8687A34-4F17-4F66-9A05-F75ED1526BA8}.Release_UWP|iPhone.ActiveCfg = Release|Any CPU
		{E8687A34-4F17-4F66-9A05-F75ED1526BA8}.Release_UWP|iPhone.Build.0 = Release|Any CPU
		{E8687A34-4F17-4F66-9A05-F75ED1526BA8}.Release_UWP|iPhoneSimulator.ActiveCfg = Release|Any CPU
		{E8687A34-4F17-4F66-9A05-F75ED1526BA8}.Release_UWP|iPhoneSimulator.Build.0 = Release|Any CPU
		{E8687A34-4F17-4F66-9A05-F75ED1526BA8}.Release_UWP|x64.ActiveCfg = Release|Any CPU
		{E8687A34-4F17-4F66-9A05-F75ED1526BA8}.Release_UWP|x64.Build.0 = Release|Any CPU
		{E8687A34-4F17-4F66-9A05-F75ED1526BA8}.Release_UWP|x86.ActiveCfg = Release|Any CPU
		{E8687A34-4F17-4F66-9A05-F75ED1526BA8}.Release_UWP|x86.Build.0 = Release|Any CPU
		{E8687A34-4F17-4F66-9A05-F75ED1526BA8}.Release|Any CPU.ActiveCfg = Release|Any CPU
		{E8687A34-4F17-4F66-9A05-F75ED1526BA8}.Release|Any CPU.Build.0 = Release|Any CPU
		{E8687A34-4F17-4F66-9A05-F75ED1526BA8}.Release|ARM.ActiveCfg = Release|Any CPU
		{E8687A34-4F17-4F66-9A05-F75ED1526BA8}.Release|ARM.Build.0 = Release|Any CPU
		{E8687A34-4F17-4F66-9A05-F75ED1526BA8}.Release|iPhone.ActiveCfg = Release|Any CPU
		{E8687A34-4F17-4F66-9A05-F75ED1526BA8}.Release|iPhone.Build.0 = Release|Any CPU
		{E8687A34-4F17-4F66-9A05-F75ED1526BA8}.Release|iPhoneSimulator.ActiveCfg = Release|Any CPU
		{E8687A34-4F17-4F66-9A05-F75ED1526BA8}.Release|iPhoneSimulator.Build.0 = Release|Any CPU
		{E8687A34-4F17-4F66-9A05-F75ED1526BA8}.Release|x64.ActiveCfg = Release|Any CPU
		{E8687A34-4F17-4F66-9A05-F75ED1526BA8}.Release|x64.Build.0 = Release|Any CPU
		{E8687A34-4F17-4F66-9A05-F75ED1526BA8}.Release|x86.ActiveCfg = Release|Any CPU
		{E8687A34-4F17-4F66-9A05-F75ED1526BA8}.Release|x86.Build.0 = Release|Any CPU
		{0DDDD7A4-3B55-4C01-B172-D189BCF05082}.Ad-Hoc|Any CPU.ActiveCfg = Debug|Any CPU
		{0DDDD7A4-3B55-4C01-B172-D189BCF05082}.Ad-Hoc|Any CPU.Build.0 = Debug|Any CPU
		{0DDDD7A4-3B55-4C01-B172-D189BCF05082}.Ad-Hoc|ARM.ActiveCfg = Debug|Any CPU
		{0DDDD7A4-3B55-4C01-B172-D189BCF05082}.Ad-Hoc|ARM.Build.0 = Debug|Any CPU
		{0DDDD7A4-3B55-4C01-B172-D189BCF05082}.Ad-Hoc|iPhone.ActiveCfg = Debug|Any CPU
		{0DDDD7A4-3B55-4C01-B172-D189BCF05082}.Ad-Hoc|iPhone.Build.0 = Debug|Any CPU
		{0DDDD7A4-3B55-4C01-B172-D189BCF05082}.Ad-Hoc|iPhoneSimulator.ActiveCfg = Debug|Any CPU
		{0DDDD7A4-3B55-4C01-B172-D189BCF05082}.Ad-Hoc|iPhoneSimulator.Build.0 = Debug|Any CPU
		{0DDDD7A4-3B55-4C01-B172-D189BCF05082}.Ad-Hoc|x64.ActiveCfg = Debug|Any CPU
		{0DDDD7A4-3B55-4C01-B172-D189BCF05082}.Ad-Hoc|x64.Build.0 = Debug|Any CPU
		{0DDDD7A4-3B55-4C01-B172-D189BCF05082}.Ad-Hoc|x86.ActiveCfg = Debug|Any CPU
		{0DDDD7A4-3B55-4C01-B172-D189BCF05082}.Ad-Hoc|x86.Build.0 = Debug|Any CPU
		{0DDDD7A4-3B55-4C01-B172-D189BCF05082}.AppStore|Any CPU.ActiveCfg = Debug|Any CPU
		{0DDDD7A4-3B55-4C01-B172-D189BCF05082}.AppStore|Any CPU.Build.0 = Debug|Any CPU
		{0DDDD7A4-3B55-4C01-B172-D189BCF05082}.AppStore|ARM.ActiveCfg = Debug|Any CPU
		{0DDDD7A4-3B55-4C01-B172-D189BCF05082}.AppStore|ARM.Build.0 = Debug|Any CPU
		{0DDDD7A4-3B55-4C01-B172-D189BCF05082}.AppStore|iPhone.ActiveCfg = Debug|Any CPU
		{0DDDD7A4-3B55-4C01-B172-D189BCF05082}.AppStore|iPhone.Build.0 = Debug|Any CPU
		{0DDDD7A4-3B55-4C01-B172-D189BCF05082}.AppStore|iPhoneSimulator.ActiveCfg = Debug|Any CPU
		{0DDDD7A4-3B55-4C01-B172-D189BCF05082}.AppStore|iPhoneSimulator.Build.0 = Debug|Any CPU
		{0DDDD7A4-3B55-4C01-B172-D189BCF05082}.AppStore|x64.ActiveCfg = Debug|Any CPU
		{0DDDD7A4-3B55-4C01-B172-D189BCF05082}.AppStore|x64.Build.0 = Debug|Any CPU
		{0DDDD7A4-3B55-4C01-B172-D189BCF05082}.AppStore|x86.ActiveCfg = Debug|Any CPU
		{0DDDD7A4-3B55-4C01-B172-D189BCF05082}.AppStore|x86.Build.0 = Debug|Any CPU
		{0DDDD7A4-3B55-4C01-B172-D189BCF05082}.Debug|Any CPU.ActiveCfg = Debug|Any CPU
		{0DDDD7A4-3B55-4C01-B172-D189BCF05082}.Debug|Any CPU.Build.0 = Debug|Any CPU
		{0DDDD7A4-3B55-4C01-B172-D189BCF05082}.Debug|ARM.ActiveCfg = Debug|Any CPU
		{0DDDD7A4-3B55-4C01-B172-D189BCF05082}.Debug|ARM.Build.0 = Debug|Any CPU
		{0DDDD7A4-3B55-4C01-B172-D189BCF05082}.Debug|iPhone.ActiveCfg = Debug|Any CPU
		{0DDDD7A4-3B55-4C01-B172-D189BCF05082}.Debug|iPhone.Build.0 = Debug|Any CPU
		{0DDDD7A4-3B55-4C01-B172-D189BCF05082}.Debug|iPhoneSimulator.ActiveCfg = Debug|Any CPU
		{0DDDD7A4-3B55-4C01-B172-D189BCF05082}.Debug|iPhoneSimulator.Build.0 = Debug|Any CPU
		{0DDDD7A4-3B55-4C01-B172-D189BCF05082}.Debug|x64.ActiveCfg = Debug|Any CPU
		{0DDDD7A4-3B55-4C01-B172-D189BCF05082}.Debug|x64.Build.0 = Debug|Any CPU
		{0DDDD7A4-3B55-4C01-B172-D189BCF05082}.Debug|x86.ActiveCfg = Debug|Any CPU
		{0DDDD7A4-3B55-4C01-B172-D189BCF05082}.Debug|x86.Build.0 = Debug|Any CPU
		{0DDDD7A4-3B55-4C01-B172-D189BCF05082}.Release_UWP|Any CPU.ActiveCfg = Release|Any CPU
		{0DDDD7A4-3B55-4C01-B172-D189BCF05082}.Release_UWP|Any CPU.Build.0 = Release|Any CPU
		{0DDDD7A4-3B55-4C01-B172-D189BCF05082}.Release_UWP|ARM.ActiveCfg = Release|Any CPU
		{0DDDD7A4-3B55-4C01-B172-D189BCF05082}.Release_UWP|ARM.Build.0 = Release|Any CPU
		{0DDDD7A4-3B55-4C01-B172-D189BCF05082}.Release_UWP|iPhone.ActiveCfg = Release|Any CPU
		{0DDDD7A4-3B55-4C01-B172-D189BCF05082}.Release_UWP|iPhone.Build.0 = Release|Any CPU
		{0DDDD7A4-3B55-4C01-B172-D189BCF05082}.Release_UWP|iPhoneSimulator.ActiveCfg = Release|Any CPU
		{0DDDD7A4-3B55-4C01-B172-D189BCF05082}.Release_UWP|iPhoneSimulator.Build.0 = Release|Any CPU
		{0DDDD7A4-3B55-4C01-B172-D189BCF05082}.Release_UWP|x64.ActiveCfg = Release|Any CPU
		{0DDDD7A4-3B55-4C01-B172-D189BCF05082}.Release_UWP|x64.Build.0 = Release|Any CPU
		{0DDDD7A4-3B55-4C01-B172-D189BCF05082}.Release_UWP|x86.ActiveCfg = Release|Any CPU
		{0DDDD7A4-3B55-4C01-B172-D189BCF05082}.Release_UWP|x86.Build.0 = Release|Any CPU
		{0DDDD7A4-3B55-4C01-B172-D189BCF05082}.Release|Any CPU.ActiveCfg = Release|Any CPU
		{0DDDD7A4-3B55-4C01-B172-D189BCF05082}.Release|Any CPU.Build.0 = Release|Any CPU
		{0DDDD7A4-3B55-4C01-B172-D189BCF05082}.Release|ARM.ActiveCfg = Release|Any CPU
		{0DDDD7A4-3B55-4C01-B172-D189BCF05082}.Release|ARM.Build.0 = Release|Any CPU
		{0DDDD7A4-3B55-4C01-B172-D189BCF05082}.Release|iPhone.ActiveCfg = Release|Any CPU
		{0DDDD7A4-3B55-4C01-B172-D189BCF05082}.Release|iPhone.Build.0 = Release|Any CPU
		{0DDDD7A4-3B55-4C01-B172-D189BCF05082}.Release|iPhoneSimulator.ActiveCfg = Release|Any CPU
		{0DDDD7A4-3B55-4C01-B172-D189BCF05082}.Release|iPhoneSimulator.Build.0 = Release|Any CPU
		{0DDDD7A4-3B55-4C01-B172-D189BCF05082}.Release|x64.ActiveCfg = Release|Any CPU
		{0DDDD7A4-3B55-4C01-B172-D189BCF05082}.Release|x64.Build.0 = Release|Any CPU
		{0DDDD7A4-3B55-4C01-B172-D189BCF05082}.Release|x86.ActiveCfg = Release|Any CPU
		{0DDDD7A4-3B55-4C01-B172-D189BCF05082}.Release|x86.Build.0 = Release|Any CPU
	EndGlobalSection
	GlobalSection(SolutionProperties) = preSolution
		HideSolutionNode = FALSE
	EndGlobalSection
	GlobalSection(NestedProjects) = preSolution
		{5291681A-DF3C-42FE-8D82-F36E0813696E} = {DBA78FA2-6AEC-4EB1-98D4-D35B299E1C92}
		{E82F521A-D31A-46AB-825E-EBA916CB0ACD} = {DBA78FA2-6AEC-4EB1-98D4-D35B299E1C92}
		{7C0DDB53-8E81-4231-B99A-47B7B675B477} = {DBA78FA2-6AEC-4EB1-98D4-D35B299E1C92}
		{1A8A2333-637F-4DD8-BC1D-BCB824DD96E8} = {743A2CE9-36A3-4707-BE9A-86B0D58D2406}
		{8351428D-60B4-4DD2-A85E-92255B883B0D} = {743A2CE9-36A3-4707-BE9A-86B0D58D2406}
		{7A2A637B-BD54-4301-97D0-5D718E00FC3F} = {743A2CE9-36A3-4707-BE9A-86B0D58D2406}
	EndGlobalSection
	GlobalSection(ExtensibilityGlobals) = postSolution
		SolutionGuid = {ECC87F4D-E93F-4412-978F-B6E78CA7C375}
	EndGlobalSection
EndGlobal
